
Microsoft Visual Studio Solution File, Format Version 12.00
# Visual Studio Version 17
VisualStudioVersion = 17.13.35919.96 d17.13
MinimumVisualStudioVersion = 10.0.40219.1
Project("{FAE04EC0-301F-11D3-BF4B-00C04F79EFBC}") = "tests", "tests.csproj", "{F6EA3EF3-D193-4E0F-8081-3F5404F3ADAE}"
EndProject
Global
	GlobalSection(SolutionConfigurationPlatforms) = preSolution
		Debug|Any CPU = Debug|Any CPU
		Release|Any CPU = Release|Any CPU
	EndGlobalSection
	GlobalSection(ProjectConfigurationPlatforms) = postSolution
		{F6EA3EF3-D193-4E0F-8081-3F5404F3ADAE}.Debug|Any CPU.ActiveCfg = Debug|Any CPU
		{F6EA3EF3-D193-4E0F-8081-3F5404F3ADAE}.Debug|Any CPU.Build.0 = Debug|Any CPU
		{F6EA3EF3-D193-4E0F-8081-3F5404F3ADAE}.Release|Any CPU.ActiveCfg = Release|Any CPU
		{F6EA3EF3-D193-4E0F-8081-3F5404F3ADAE}.Release|Any CPU.Build.0 = Release|Any CPU
	EndGlobalSection
	GlobalSection(SolutionProperties) = preSolution
		HideSolutionNode = FALSE
	EndGlobalSection
	GlobalSection(ExtensibilityGlobals) = postSolution
		SolutionGuid = {D9896190-E0DE-4534-B20D-541B1DDAE6A8}
	EndGlobalSection
EndGlobal
